
Microsoft Visual Studio Solution File, Format Version 12.00
# Visual Studio 15
VisualStudioVersion = 15.0.27428.2037
MinimumVisualStudioVersion = 10.0.40219.1
Project("{FAE04EC0-301F-11D3-BF4B-00C04F79EFBC}") = "Presentación", "Interfaz\Presentación.csproj", "{661F26EF-19AE-4C5F-8BF0-B3ADC08CAEA0}"
EndProject
Project("{FAE04EC0-301F-11D3-BF4B-00C04F79EFBC}") = "Capa_Datos", "CapaDatos\Capa_Datos.csproj", "{45FC15DA-049A-4FB7-9F12-37B3D687DB75}"
EndProject
Project("{FAE04EC0-301F-11D3-BF4B-00C04F79EFBC}") = "Capa_Negocios", "CapaNegocios\Capa_Negocios.csproj", "{4D2FC54D-1C5A-454C-8FD4-157332C8FA1F}"
EndProject
Global
	GlobalSection(SolutionConfigurationPlatforms) = preSolution
		Debug|Any CPU = Debug|Any CPU
		Release|Any CPU = Release|Any CPU
	EndGlobalSection
	GlobalSection(ProjectConfigurationPlatforms) = postSolution
		{661F26EF-19AE-4C5F-8BF0-B3ADC08CAEA0}.Debug|Any CPU.ActiveCfg = Debug|Any CPU
		{661F26EF-19AE-4C5F-8BF0-B3ADC08CAEA0}.Debug|Any CPU.Build.0 = Debug|Any CPU
		{661F26EF-19AE-4C5F-8BF0-B3ADC08CAEA0}.Release|Any CPU.ActiveCfg = Release|Any CPU
		{661F26EF-19AE-4C5F-8BF0-B3ADC08CAEA0}.Release|Any CPU.Build.0 = Release|Any CPU
		{45FC15DA-049A-4FB7-9F12-37B3D687DB75}.Debug|Any CPU.ActiveCfg = Debug|Any CPU
		{45FC15DA-049A-4FB7-9F12-37B3D687DB75}.Debug|Any CPU.Build.0 = Debug|Any CPU
		{45FC15DA-049A-4FB7-9F12-37B3D687DB75}.Release|Any CPU.ActiveCfg = Release|Any CPU
		{45FC15DA-049A-4FB7-9F12-37B3D687DB75}.Release|Any CPU.Build.0 = Release|Any CPU
		{4D2FC54D-1C5A-454C-8FD4-157332C8FA1F}.Debug|Any CPU.ActiveCfg = Debug|Any CPU
		{4D2FC54D-1C5A-454C-8FD4-157332C8FA1F}.Debug|Any CPU.Build.0 = Debug|Any CPU
		{4D2FC54D-1C5A-454C-8FD4-157332C8FA1F}.Release|Any CPU.ActiveCfg = Release|Any CPU
		{4D2FC54D-1C5A-454C-8FD4-157332C8FA1F}.Release|Any CPU.Build.0 = Release|Any CPU
	EndGlobalSection
	GlobalSection(SolutionProperties) = preSolution
		HideSolutionNode = FALSE
	EndGlobalSection
	GlobalSection(ExtensibilityGlobals) = postSolution
		SolutionGuid = {AEBEBC6F-D12E-430E-996D-FB871291D6FB}
	EndGlobalSection
EndGlobal
